
Microsoft Visual Studio Solution File, Format Version 12.00
# Visual Studio Version 17
VisualStudioVersion = 17.1.32407.343
MinimumVisualStudioVersion = 10.0.40219.1
Project("{8BC9CEB8-8B4A-11D0-8D11-00A0C91BC942}") = "JLCB", "JLCB.vcxproj", "{6929E94C-3C6E-45B2-987C-F670EBB932BC}"
EndProject
Global
	GlobalSection(SolutionConfigurationPlatforms) = preSolution
		Debug|x64 = Debug|x64
		Debug|x86 = Debug|x86
		Release|x64 = Release|x64
		Release|x86 = Release|x86
	EndGlobalSection
	GlobalSection(ProjectConfigurationPlatforms) = postSolution
		{6929E94C-3C6E-45B2-987C-F670EBB932BC}.Debug|x64.ActiveCfg = Debug|x64
		{6929E94C-3C6E-45B2-987C-F670EBB932BC}.Debug|x64.Build.0 = Debug|x64
		{6929E94C-3C6E-45B2-987C-F670EBB932BC}.Debug|x86.ActiveCfg = Debug|Win32
		{6929E94C-3C6E-45B2-987C-F670EBB932BC}.Debug|x86.Build.0 = Debug|Win32
		{6929E94C-3C6E-45B2-987C-F670EBB932BC}.Release|x64.ActiveCfg = Release|x64
		{6929E94C-3C6E-45B2-987C-F670EBB932BC}.Release|x64.Build.0 = Release|x64
		{6929E94C-3C6E-45B2-987C-F670EBB932BC}.Release|x86.ActiveCfg = Release|Win32
		{6929E94C-3C6E-45B2-987C-F670EBB932BC}.Release|x86.Build.0 = Release|Win32
	EndGlobalSection
	GlobalSection(SolutionProperties) = preSolution
		HideSolutionNode = FALSE
	EndGlobalSection
	GlobalSection(ExtensibilityGlobals) = postSolution
		SolutionGuid = {B91C250D-6F89-448A-9BD1-7683315E0812}
	EndGlobalSection
EndGlobal
